// !$*UTF8*$!
{
	archiveVersion = 1;
	classes = {
	};
	objectVersion = 56;
	objects = {

/* Begin PBXBuildFile section */
		8109BF172AB64227000D38C2 /* GoogleService-Info.plist in Resources */ = {isa = PBXBuildFile; fileRef = 8109BF162AB64227000D38C2 /* GoogleService-Info.plist */; };
		811804EF2AB52CA2000BFA5C /* StoreUsers.swift in Sources */ = {isa = PBXBuildFile; fileRef = 811804EE2AB52CA2000BFA5C /* StoreUsers.swift */; };
		812E8D4A2AAE3DBE0043648D /* Company_TravelApp.swift in Sources */ = {isa = PBXBuildFile; fileRef = 812E8D492AAE3DBE0043648D /* Company_TravelApp.swift */; };
		812E8D4E2AAE3DBF0043648D /* Assets.xcassets in Resources */ = {isa = PBXBuildFile; fileRef = 812E8D4D2AAE3DBF0043648D /* Assets.xcassets */; };
		812E8D512AAE3DBF0043648D /* Preview Assets.xcassets in Resources */ = {isa = PBXBuildFile; fileRef = 812E8D502AAE3DBF0043648D /* Preview Assets.xcassets */; };
		812FE18D2ABFB96500455933 /* UserModel.swift in Sources */ = {isa = PBXBuildFile; fileRef = 812FE18C2ABFB96500455933 /* UserModel.swift */; };
		812FE1912ABFC1BD00455933 /* User.json in Resources */ = {isa = PBXBuildFile; fileRef = 812FE1902ABFC1BD00455933 /* User.json */; };
		8136B4F62AB683240083B098 /* ValidateTextField.swift in Sources */ = {isa = PBXBuildFile; fileRef = 8136B4F52AB683240083B098 /* ValidateTextField.swift */; };
		813A04922AB37B4500D38CC3 /* TextFieldValidate.swift in Sources */ = {isa = PBXBuildFile; fileRef = 813A04912AB37B4500D38CC3 /* TextFieldValidate.swift */; };
		813E66692AC4A4FC00EB93BB /* FavoriteModel.swift in Sources */ = {isa = PBXBuildFile; fileRef = 813E66682AC4A4FC00EB93BB /* FavoriteModel.swift */; };
		813E666B2AC4A78000EB93BB /* StoreFavorites.swift in Sources */ = {isa = PBXBuildFile; fileRef = 813E666A2AC4A78000EB93BB /* StoreFavorites.swift */; };
		813FD1F72AB135F900BD4E7D /* ProfileScreen.swift in Sources */ = {isa = PBXBuildFile; fileRef = 813FD1F62AB135F900BD4E7D /* ProfileScreen.swift */; };
		814B5E5E2ABC606300242017 /* HttpClient.swift in Sources */ = {isa = PBXBuildFile; fileRef = 81FBE4AC2AAFD14B004E9790 /* HttpClient.swift */; };
		814B5E5F2ABC606600242017 /* SignIn.swift in Sources */ = {isa = PBXBuildFile; fileRef = 81701F3B2AB374880070E458 /* SignIn.swift */; };
		814B5E602ABC606900242017 /* HomeScreen.swift in Sources */ = {isa = PBXBuildFile; fileRef = 812E8D4B2AAE3DBE0043648D /* HomeScreen.swift */; };
		814B5E612ABC609E00242017 /* PlaceHolders.swift in Sources */ = {isa = PBXBuildFile; fileRef = 81DC318B2AB25DC500025335 /* PlaceHolders.swift */; };
		814B5E622ABC60A400242017 /* BottomItemNavigation.swift in Sources */ = {isa = PBXBuildFile; fileRef = 81DC31832AB257DC00025335 /* BottomItemNavigation.swift */; };
		814B5E632ABC60A700242017 /* ContentButtonTabBar.swift in Sources */ = {isa = PBXBuildFile; fileRef = 819BBDEC2AB1D544005A6957 /* ContentButtonTabBar.swift */; };
		814B5E642ABC60AA00242017 /* RowDestination.swift in Sources */ = {isa = PBXBuildFile; fileRef = 81FBE4BE2AAFDBBF004E9790 /* RowDestination.swift */; };
		814B5E652ABC60AF00242017 /* TextFieldCommon.swift in Sources */ = {isa = PBXBuildFile; fileRef = 81701F3D2AB374EE0070E458 /* TextFieldCommon.swift */; };
		814B5E662ABC60B100242017 /* ButtonCommon.swift in Sources */ = {isa = PBXBuildFile; fileRef = 81FDE4642AB47965004F3C59 /* ButtonCommon.swift */; };
		814B5E672ABC60B300242017 /* TextFieldSecurity.swift in Sources */ = {isa = PBXBuildFile; fileRef = 8109BF1A2AB64C7A000D38C2 /* TextFieldSecurity.swift */; };
		814B5E8E2ABC650400242017 /* HttpClientFactory.swift in Sources */ = {isa = PBXBuildFile; fileRef = 81FBE4B12AAFD786004E9790 /* HttpClientFactory.swift */; };
		814B5E912ABC66DD00242017 /* MockHttpClient.swift in Sources */ = {isa = PBXBuildFile; fileRef = 819430CB2ABBB2F900E245FC /* MockHttpClient.swift */; };
		814B5E922ABC673B00242017 /* Destination.json in Resources */ = {isa = PBXBuildFile; fileRef = 819430DB2ABBB89100E245FC /* Destination.json */; };
		814B5E932ABC673F00242017 /* Mockable.swift in Sources */ = {isa = PBXBuildFile; fileRef = 819430CD2ABBB3A300E245FC /* Mockable.swift */; };
		814B5EBE2ABC6D4C00242017 /* FirebaseAuth in Frameworks */ = {isa = PBXBuildFile; productRef = 814B5EBD2ABC6D4C00242017 /* FirebaseAuth */; };
		814B5EC02ABC6D4F00242017 /* FirebaseFirestore in Frameworks */ = {isa = PBXBuildFile; productRef = 814B5EBF2ABC6D4F00242017 /* FirebaseFirestore */; };
		814B5EC22ABC6D5300242017 /* FirebaseStorage in Frameworks */ = {isa = PBXBuildFile; productRef = 814B5EC12ABC6D5300242017 /* FirebaseStorage */; };
		814B5EC72ABC6D7000242017 /* HomeScreen_UiTests.swift in Sources */ = {isa = PBXBuildFile; fileRef = 819430C72ABBB1D600E245FC /* HomeScreen_UiTests.swift */; };
		814C2C332AC3B779004D0D46 /* LogInScreen_UiTests.swift in Sources */ = {isa = PBXBuildFile; fileRef = 814C2C322AC3B779004D0D46 /* LogInScreen_UiTests.swift */; };
		815A99D82AB483FC00334793 /* UIDevice.swift in Sources */ = {isa = PBXBuildFile; fileRef = 815A99D72AB483FC00334793 /* UIDevice.swift */; };
		815A99DA2AB4893800334793 /* PresentationDetent.swift in Sources */ = {isa = PBXBuildFile; fileRef = 815A99D92AB4893800334793 /* PresentationDetent.swift */; };
		815A99DC2AB5184100334793 /* UIImage.swift in Sources */ = {isa = PBXBuildFile; fileRef = 815A99DB2AB5184100334793 /* UIImage.swift */; };
		8164847A2AC3AB13006F4CF0 /* BackButton.swift in Sources */ = {isa = PBXBuildFile; fileRef = 816484792AC3AB13006F4CF0 /* BackButton.swift */; };
		818C24B82AB6876E0074A721 /* HelpersFunction.swift in Sources */ = {isa = PBXBuildFile; fileRef = 818C24B72AB6876E0074A721 /* HelpersFunction.swift */; };
		818C24BC2AB68D1F0074A721 /* KeyBoardResponder.swift in Sources */ = {isa = PBXBuildFile; fileRef = 818C24BB2AB68D1F0074A721 /* KeyBoardResponder.swift */; };
		81A2D3222AB388A40005DD73 /* MaxLengthCharacter.swift in Sources */ = {isa = PBXBuildFile; fileRef = 81A2D3212AB388A40005DD73 /* MaxLengthCharacter.swift */; };
		81AAB49E2AB135CF0037C3F2 /* FavoriteScreen.swift in Sources */ = {isa = PBXBuildFile; fileRef = 81AAB49D2AB135CF0037C3F2 /* FavoriteScreen.swift */; };
		81BE34D32AC1F8DE00AA5073 /* RootView.swift in Sources */ = {isa = PBXBuildFile; fileRef = 81BE34D22AC1F8DE00AA5073 /* RootView.swift */; };
		81BE34D52AC2090B00AA5073 /* EnvironmentUser.swift in Sources */ = {isa = PBXBuildFile; fileRef = 81BE34D42AC2090B00AA5073 /* EnvironmentUser.swift */; };
		81D70B9B2ABDA39900C69190 /* ScreensFactory.swift in Sources */ = {isa = PBXBuildFile; fileRef = 81D70B9A2ABDA39900C69190 /* ScreensFactory.swift */; };
		81D70B9E2ABDA8E800C69190 /* SigInScreen_UiTests.swift in Sources */ = {isa = PBXBuildFile; fileRef = 81D70B9D2ABDA8E800C69190 /* SigInScreen_UiTests.swift */; };
		81DC31822AB248F400025335 /* BottomNavigation.swift in Sources */ = {isa = PBXBuildFile; fileRef = 81DC31812AB248F400025335 /* BottomNavigation.swift */; };
		81DC31882AB25CDC00025335 /* Shimmer.swift in Sources */ = {isa = PBXBuildFile; fileRef = 81DC31872AB25CDC00025335 /* Shimmer.swift */; };
		81DC318A2AB25CE900025335 /* RedactShimmerViewModifier.swift in Sources */ = {isa = PBXBuildFile; fileRef = 81DC31892AB25CE900025335 /* RedactShimmerViewModifier.swift */; };
		81E024DD2AAF39EB00E4D00A /* DestinationModel.swift in Sources */ = {isa = PBXBuildFile; fileRef = 81E024DC2AAF39EB00E4D00A /* DestinationModel.swift */; };
		81E025072AAF456700E4D00A /* OpenSans_Condensed-Bold.ttf in Resources */ = {isa = PBXBuildFile; fileRef = 81E024E32AAF456500E4D00A /* OpenSans_Condensed-Bold.ttf */; };
		81E025082AAF456700E4D00A /* OpenSans_Condensed-Light.ttf in Resources */ = {isa = PBXBuildFile; fileRef = 81E024E42AAF456500E4D00A /* OpenSans_Condensed-Light.ttf */; };
		81E025092AAF456700E4D00A /* OpenSans_SemiCondensed-BoldItalic.ttf in Resources */ = {isa = PBXBuildFile; fileRef = 81E024E52AAF456500E4D00A /* OpenSans_SemiCondensed-BoldItalic.ttf */; };
		81E0250A2AAF456700E4D00A /* OpenSans_Condensed-Italic.ttf in Resources */ = {isa = PBXBuildFile; fileRef = 81E024E62AAF456500E4D00A /* OpenSans_Condensed-Italic.ttf */; };
		81E0250B2AAF456700E4D00A /* OpenSans_Condensed-SemiBoldItalic.ttf in Resources */ = {isa = PBXBuildFile; fileRef = 81E024E72AAF456600E4D00A /* OpenSans_Condensed-SemiBoldItalic.ttf */; };
		81E0250C2AAF456700E4D00A /* OpenSans_Condensed-Medium.ttf in Resources */ = {isa = PBXBuildFile; fileRef = 81E024E82AAF456600E4D00A /* OpenSans_Condensed-Medium.ttf */; };
		81E0250D2AAF456700E4D00A /* OpenSans_SemiCondensed-ExtraBoldItalic.ttf in Resources */ = {isa = PBXBuildFile; fileRef = 81E024E92AAF456600E4D00A /* OpenSans_SemiCondensed-ExtraBoldItalic.ttf */; };
		81E0250E2AAF456700E4D00A /* OpenSans_Condensed-LightItalic.ttf in Resources */ = {isa = PBXBuildFile; fileRef = 81E024EA2AAF456600E4D00A /* OpenSans_Condensed-LightItalic.ttf */; };
		81E0250F2AAF456700E4D00A /* OpenSans-SemiBold.ttf in Resources */ = {isa = PBXBuildFile; fileRef = 81E024EB2AAF456600E4D00A /* OpenSans-SemiBold.ttf */; };
		81E025102AAF456700E4D00A /* OpenSans_SemiCondensed-SemiBold.ttf in Resources */ = {isa = PBXBuildFile; fileRef = 81E024EC2AAF456600E4D00A /* OpenSans_SemiCondensed-SemiBold.ttf */; };
		81E025112AAF456700E4D00A /* OpenSans_Condensed-Regular.ttf in Resources */ = {isa = PBXBuildFile; fileRef = 81E024ED2AAF456600E4D00A /* OpenSans_Condensed-Regular.ttf */; };
		81E025122AAF456700E4D00A /* OpenSans-Bold.ttf in Resources */ = {isa = PBXBuildFile; fileRef = 81E024EE2AAF456600E4D00A /* OpenSans-Bold.ttf */; };
		81E025132AAF456700E4D00A /* OpenSans-MediumItalic.ttf in Resources */ = {isa = PBXBuildFile; fileRef = 81E024EF2AAF456600E4D00A /* OpenSans-MediumItalic.ttf */; };
		81E025142AAF456700E4D00A /* OpenSans_SemiCondensed-ExtraBold.ttf in Resources */ = {isa = PBXBuildFile; fileRef = 81E024F02AAF456600E4D00A /* OpenSans_SemiCondensed-ExtraBold.ttf */; };
		81E025152AAF456700E4D00A /* OpenSans_Condensed-ExtraBold.ttf in Resources */ = {isa = PBXBuildFile; fileRef = 81E024F12AAF456600E4D00A /* OpenSans_Condensed-ExtraBold.ttf */; };
		81E025162AAF456700E4D00A /* OpenSans_SemiCondensed-Regular.ttf in Resources */ = {isa = PBXBuildFile; fileRef = 81E024F22AAF456600E4D00A /* OpenSans_SemiCondensed-Regular.ttf */; };
		81E025172AAF456700E4D00A /* OpenSans_Condensed-BoldItalic.ttf in Resources */ = {isa = PBXBuildFile; fileRef = 81E024F32AAF456600E4D00A /* OpenSans_Condensed-BoldItalic.ttf */; };
		81E025182AAF456700E4D00A /* OpenSans-Medium.ttf in Resources */ = {isa = PBXBuildFile; fileRef = 81E024F42AAF456600E4D00A /* OpenSans-Medium.ttf */; };
		81E025192AAF456700E4D00A /* OpenSans_SemiCondensed-Bold.ttf in Resources */ = {isa = PBXBuildFile; fileRef = 81E024F52AAF456600E4D00A /* OpenSans_SemiCondensed-Bold.ttf */; };
		81E0251A2AAF456700E4D00A /* OpenSans_Condensed-MediumItalic.ttf in Resources */ = {isa = PBXBuildFile; fileRef = 81E024F62AAF456600E4D00A /* OpenSans_Condensed-MediumItalic.ttf */; };
		81E0251B2AAF456700E4D00A /* OpenSans_SemiCondensed-LightItalic.ttf in Resources */ = {isa = PBXBuildFile; fileRef = 81E024F72AAF456600E4D00A /* OpenSans_SemiCondensed-LightItalic.ttf */; };
		81E0251C2AAF456700E4D00A /* OpenSans_SemiCondensed-SemiBoldItalic.ttf in Resources */ = {isa = PBXBuildFile; fileRef = 81E024F82AAF456600E4D00A /* OpenSans_SemiCondensed-SemiBoldItalic.ttf */; };
		81E0251D2AAF456700E4D00A /* OpenSans-LightItalic.ttf in Resources */ = {isa = PBXBuildFile; fileRef = 81E024F92AAF456600E4D00A /* OpenSans-LightItalic.ttf */; };
		81E0251E2AAF456700E4D00A /* OpenSans-Light.ttf in Resources */ = {isa = PBXBuildFile; fileRef = 81E024FA2AAF456600E4D00A /* OpenSans-Light.ttf */; };
		81E0251F2AAF456700E4D00A /* OpenSans-ExtraBoldItalic.ttf in Resources */ = {isa = PBXBuildFile; fileRef = 81E024FB2AAF456600E4D00A /* OpenSans-ExtraBoldItalic.ttf */; };
		81E025202AAF456700E4D00A /* OpenSans-Italic.ttf in Resources */ = {isa = PBXBuildFile; fileRef = 81E024FC2AAF456600E4D00A /* OpenSans-Italic.ttf */; };
		81E025212AAF456700E4D00A /* OpenSans-Regular.ttf in Resources */ = {isa = PBXBuildFile; fileRef = 81E024FD2AAF456600E4D00A /* OpenSans-Regular.ttf */; };
		81E025222AAF456700E4D00A /* OpenSans_Condensed-SemiBold.ttf in Resources */ = {isa = PBXBuildFile; fileRef = 81E024FE2AAF456600E4D00A /* OpenSans_Condensed-SemiBold.ttf */; };
		81E025232AAF456700E4D00A /* OpenSans_SemiCondensed-Italic.ttf in Resources */ = {isa = PBXBuildFile; fileRef = 81E024FF2AAF456600E4D00A /* OpenSans_SemiCondensed-Italic.ttf */; };
		81E025242AAF456700E4D00A /* OpenSans-SemiBoldItalic.ttf in Resources */ = {isa = PBXBuildFile; fileRef = 81E025002AAF456600E4D00A /* OpenSans-SemiBoldItalic.ttf */; };
		81E025252AAF456700E4D00A /* OpenSans_SemiCondensed-Light.ttf in Resources */ = {isa = PBXBuildFile; fileRef = 81E025012AAF456600E4D00A /* OpenSans_SemiCondensed-Light.ttf */; };
		81E025262AAF456700E4D00A /* OpenSans_SemiCondensed-MediumItalic.ttf in Resources */ = {isa = PBXBuildFile; fileRef = 81E025022AAF456600E4D00A /* OpenSans_SemiCondensed-MediumItalic.ttf */; };
		81E025272AAF456700E4D00A /* OpenSans-ExtraBold.ttf in Resources */ = {isa = PBXBuildFile; fileRef = 81E025032AAF456600E4D00A /* OpenSans-ExtraBold.ttf */; };
		81E025282AAF456700E4D00A /* OpenSans_Condensed-ExtraBoldItalic.ttf in Resources */ = {isa = PBXBuildFile; fileRef = 81E025042AAF456700E4D00A /* OpenSans_Condensed-ExtraBoldItalic.ttf */; };
		81E025292AAF456700E4D00A /* OpenSans-BoldItalic.ttf in Resources */ = {isa = PBXBuildFile; fileRef = 81E025052AAF456700E4D00A /* OpenSans-BoldItalic.ttf */; };
		81E0252A2AAF456700E4D00A /* OpenSans_SemiCondensed-Medium.ttf in Resources */ = {isa = PBXBuildFile; fileRef = 81E025062AAF456700E4D00A /* OpenSans_SemiCondensed-Medium.ttf */; };
		81E0252D2AAF471500E4D00A /* FontsApp.swift in Sources */ = {isa = PBXBuildFile; fileRef = 81E0252C2AAF471500E4D00A /* FontsApp.swift */; };
		81E0252F2AAF47FD00E4D00A /* Pacifico-Regular.ttf in Resources */ = {isa = PBXBuildFile; fileRef = 81E0252E2AAF47FC00E4D00A /* Pacifico-Regular.ttf */; };
		81E025312AAF4A6B00E4D00A /* ColorsApp.swift in Sources */ = {isa = PBXBuildFile; fileRef = 81E025302AAF4A6B00E4D00A /* ColorsApp.swift */; };
		81E540202AB8CC0E00660BF4 /* FirebaseAuth in Frameworks */ = {isa = PBXBuildFile; productRef = 81E5401F2AB8CC0E00660BF4 /* FirebaseAuth */; };
		81E540222AB8CC0E00660BF4 /* FirebaseFirestore in Frameworks */ = {isa = PBXBuildFile; productRef = 81E540212AB8CC0E00660BF4 /* FirebaseFirestore */; };
		81E540242AB8CC0E00660BF4 /* FirebaseStorage in Frameworks */ = {isa = PBXBuildFile; productRef = 81E540232AB8CC0E00660BF4 /* FirebaseStorage */; };
		81FBE2A32AC2ED2F001C0361 /* LogIn.swift in Sources */ = {isa = PBXBuildFile; fileRef = 81FBE2A22AC2ED2F001C0361 /* LogIn.swift */; };
		81FBE4A52AAFCC79004E9790 /* HttpClientProtocol.swift in Sources */ = {isa = PBXBuildFile; fileRef = 81FBE4A42AAFCC79004E9790 /* HttpClientProtocol.swift */; };
		81FBE4A72AAFCEE0004E9790 /* HttpClientGeneric.swift in Sources */ = {isa = PBXBuildFile; fileRef = 81FBE4A62AAFCEE0004E9790 /* HttpClientGeneric.swift */; };
		81FBE4AF2AAFD6D8004E9790 /* StoreHome.swift in Sources */ = {isa = PBXBuildFile; fileRef = 81FBE4AE2AAFD6D8004E9790 /* StoreHome.swift */; };
		81FBE4B52AAFDA52004E9790 /* constants.swift in Sources */ = {isa = PBXBuildFile; fileRef = 81FBE4B42AAFDA52004E9790 /* constants.swift */; };
		81FBE4BB2AAFDB53004E9790 /* destionationMock.swift in Sources */ = {isa = PBXBuildFile; fileRef = 81FBE4BA2AAFDB53004E9790 /* destionationMock.swift */; };
		81FBE4C22AAFE6B6004E9790 /* CornerRadius.swift in Sources */ = {isa = PBXBuildFile; fileRef = 81FBE4C12AAFE6B6004E9790 /* CornerRadius.swift */; };
		81FDE4632AB47015004F3C59 /* ImagePickerRepresentable.swift in Sources */ = {isa = PBXBuildFile; fileRef = 81FDE4622AB47015004F3C59 /* ImagePickerRepresentable.swift */; };
/* End PBXBuildFile section */

/* Begin PBXContainerItemProxy section */
		814B5EB82ABC6D1A00242017 /* PBXContainerItemProxy */ = {
			isa = PBXContainerItemProxy;
			containerPortal = 812E8D3E2AAE3DBE0043648D /* Project object */;
			proxyType = 1;
			remoteGlobalIDString = 812E8D452AAE3DBE0043648D;
			remoteInfo = "Company Travel";
		};
/* End PBXContainerItemProxy section */

/* Begin PBXFileReference section */
		8109BF162AB64227000D38C2 /* GoogleService-Info.plist */ = {isa = PBXFileReference; fileEncoding = 4; lastKnownFileType = text.plist.xml; path = "GoogleService-Info.plist"; sourceTree = "<group>"; };
		8109BF1A2AB64C7A000D38C2 /* TextFieldSecurity.swift */ = {isa = PBXFileReference; lastKnownFileType = sourcecode.swift; path = TextFieldSecurity.swift; sourceTree = "<group>"; };
		811804EE2AB52CA2000BFA5C /* StoreUsers.swift */ = {isa = PBXFileReference; lastKnownFileType = sourcecode.swift; path = StoreUsers.swift; sourceTree = "<group>"; };
		812E8D462AAE3DBE0043648D /* Company Travel.app */ = {isa = PBXFileReference; explicitFileType = wrapper.application; includeInIndex = 0; path = "Company Travel.app"; sourceTree = BUILT_PRODUCTS_DIR; };
		812E8D492AAE3DBE0043648D /* Company_TravelApp.swift */ = {isa = PBXFileReference; lastKnownFileType = sourcecode.swift; path = Company_TravelApp.swift; sourceTree = "<group>"; };
		812E8D4B2AAE3DBE0043648D /* HomeScreen.swift */ = {isa = PBXFileReference; lastKnownFileType = sourcecode.swift; path = HomeScreen.swift; sourceTree = "<group>"; };
		812E8D4D2AAE3DBF0043648D /* Assets.xcassets */ = {isa = PBXFileReference; lastKnownFileType = folder.assetcatalog; path = Assets.xcassets; sourceTree = "<group>"; };
		812E8D502AAE3DBF0043648D /* Preview Assets.xcassets */ = {isa = PBXFileReference; lastKnownFileType = folder.assetcatalog; path = "Preview Assets.xcassets"; sourceTree = "<group>"; };
		812FE18C2ABFB96500455933 /* UserModel.swift */ = {isa = PBXFileReference; lastKnownFileType = sourcecode.swift; path = UserModel.swift; sourceTree = "<group>"; };
		812FE1902ABFC1BD00455933 /* User.json */ = {isa = PBXFileReference; lastKnownFileType = text.json; path = User.json; sourceTree = "<group>"; };
		8136B4F52AB683240083B098 /* ValidateTextField.swift */ = {isa = PBXFileReference; lastKnownFileType = sourcecode.swift; path = ValidateTextField.swift; sourceTree = "<group>"; };
		813A04912AB37B4500D38CC3 /* TextFieldValidate.swift */ = {isa = PBXFileReference; lastKnownFileType = sourcecode.swift; path = TextFieldValidate.swift; sourceTree = "<group>"; };
		813E66682AC4A4FC00EB93BB /* FavoriteModel.swift */ = {isa = PBXFileReference; lastKnownFileType = sourcecode.swift; path = FavoriteModel.swift; sourceTree = "<group>"; };
		813E666A2AC4A78000EB93BB /* StoreFavorites.swift */ = {isa = PBXFileReference; lastKnownFileType = sourcecode.swift; path = StoreFavorites.swift; sourceTree = "<group>"; };
		813FD1F62AB135F900BD4E7D /* ProfileScreen.swift */ = {isa = PBXFileReference; lastKnownFileType = sourcecode.swift; path = ProfileScreen.swift; sourceTree = "<group>"; };
		814B5EB22ABC6D1A00242017 /* Company Travel UITests.xctest */ = {isa = PBXFileReference; explicitFileType = wrapper.cfbundle; includeInIndex = 0; path = "Company Travel UITests.xctest"; sourceTree = BUILT_PRODUCTS_DIR; };
		814C2C322AC3B779004D0D46 /* LogInScreen_UiTests.swift */ = {isa = PBXFileReference; lastKnownFileType = sourcecode.swift; path = LogInScreen_UiTests.swift; sourceTree = "<group>"; };
		815A99D72AB483FC00334793 /* UIDevice.swift */ = {isa = PBXFileReference; lastKnownFileType = sourcecode.swift; path = UIDevice.swift; sourceTree = "<group>"; };
		815A99D92AB4893800334793 /* PresentationDetent.swift */ = {isa = PBXFileReference; lastKnownFileType = sourcecode.swift; path = PresentationDetent.swift; sourceTree = "<group>"; };
		815A99DB2AB5184100334793 /* UIImage.swift */ = {isa = PBXFileReference; lastKnownFileType = sourcecode.swift; path = UIImage.swift; sourceTree = "<group>"; };
		816484792AC3AB13006F4CF0 /* BackButton.swift */ = {isa = PBXFileReference; lastKnownFileType = sourcecode.swift; path = BackButton.swift; sourceTree = "<group>"; };
		81701F3B2AB374880070E458 /* SignIn.swift */ = {isa = PBXFileReference; lastKnownFileType = sourcecode.swift; path = SignIn.swift; sourceTree = "<group>"; };
		81701F3D2AB374EE0070E458 /* TextFieldCommon.swift */ = {isa = PBXFileReference; lastKnownFileType = sourcecode.swift; path = TextFieldCommon.swift; sourceTree = "<group>"; };
		818C24B72AB6876E0074A721 /* HelpersFunction.swift */ = {isa = PBXFileReference; lastKnownFileType = sourcecode.swift; path = HelpersFunction.swift; sourceTree = "<group>"; };
		818C24BB2AB68D1F0074A721 /* KeyBoardResponder.swift */ = {isa = PBXFileReference; lastKnownFileType = sourcecode.swift; path = KeyBoardResponder.swift; sourceTree = "<group>"; };
		819430C72ABBB1D600E245FC /* HomeScreen_UiTests.swift */ = {isa = PBXFileReference; lastKnownFileType = sourcecode.swift; path = HomeScreen_UiTests.swift; sourceTree = "<group>"; };
		819430CB2ABBB2F900E245FC /* MockHttpClient.swift */ = {isa = PBXFileReference; lastKnownFileType = sourcecode.swift; path = MockHttpClient.swift; sourceTree = "<group>"; };
		819430CD2ABBB3A300E245FC /* Mockable.swift */ = {isa = PBXFileReference; lastKnownFileType = sourcecode.swift; path = Mockable.swift; sourceTree = "<group>"; };
		819430DB2ABBB89100E245FC /* Destination.json */ = {isa = PBXFileReference; lastKnownFileType = text.json; path = Destination.json; sourceTree = "<group>"; };
		819BBDEC2AB1D544005A6957 /* ContentButtonTabBar.swift */ = {isa = PBXFileReference; lastKnownFileType = sourcecode.swift; path = ContentButtonTabBar.swift; sourceTree = "<group>"; };
		81A2D3212AB388A40005DD73 /* MaxLengthCharacter.swift */ = {isa = PBXFileReference; lastKnownFileType = sourcecode.swift; path = MaxLengthCharacter.swift; sourceTree = "<group>"; };
		81AAB49D2AB135CF0037C3F2 /* FavoriteScreen.swift */ = {isa = PBXFileReference; lastKnownFileType = sourcecode.swift; path = FavoriteScreen.swift; sourceTree = "<group>"; };
		81BE34D22AC1F8DE00AA5073 /* RootView.swift */ = {isa = PBXFileReference; lastKnownFileType = sourcecode.swift; path = RootView.swift; sourceTree = "<group>"; };
		81BE34D42AC2090B00AA5073 /* EnvironmentUser.swift */ = {isa = PBXFileReference; lastKnownFileType = sourcecode.swift; path = EnvironmentUser.swift; sourceTree = "<group>"; };
		81D70B9A2ABDA39900C69190 /* ScreensFactory.swift */ = {isa = PBXFileReference; lastKnownFileType = sourcecode.swift; path = ScreensFactory.swift; sourceTree = "<group>"; };
		81D70B9D2ABDA8E800C69190 /* SigInScreen_UiTests.swift */ = {isa = PBXFileReference; lastKnownFileType = sourcecode.swift; path = SigInScreen_UiTests.swift; sourceTree = "<group>"; };
		81DC31812AB248F400025335 /* BottomNavigation.swift */ = {isa = PBXFileReference; lastKnownFileType = sourcecode.swift; path = BottomNavigation.swift; sourceTree = "<group>"; };
		81DC31832AB257DC00025335 /* BottomItemNavigation.swift */ = {isa = PBXFileReference; lastKnownFileType = sourcecode.swift; path = BottomItemNavigation.swift; sourceTree = "<group>"; };
		81DC31872AB25CDC00025335 /* Shimmer.swift */ = {isa = PBXFileReference; lastKnownFileType = sourcecode.swift; path = Shimmer.swift; sourceTree = "<group>"; };
		81DC31892AB25CE900025335 /* RedactShimmerViewModifier.swift */ = {isa = PBXFileReference; lastKnownFileType = sourcecode.swift; path = RedactShimmerViewModifier.swift; sourceTree = "<group>"; };
		81DC318B2AB25DC500025335 /* PlaceHolders.swift */ = {isa = PBXFileReference; lastKnownFileType = sourcecode.swift; path = PlaceHolders.swift; sourceTree = "<group>"; };
		81E024DC2AAF39EB00E4D00A /* DestinationModel.swift */ = {isa = PBXFileReference; lastKnownFileType = sourcecode.swift; path = DestinationModel.swift; sourceTree = "<group>"; };
		81E024E32AAF456500E4D00A /* OpenSans_Condensed-Bold.ttf */ = {isa = PBXFileReference; lastKnownFileType = file; path = "OpenSans_Condensed-Bold.ttf"; sourceTree = "<group>"; };
		81E024E42AAF456500E4D00A /* OpenSans_Condensed-Light.ttf */ = {isa = PBXFileReference; lastKnownFileType = file; path = "OpenSans_Condensed-Light.ttf"; sourceTree = "<group>"; };
		81E024E52AAF456500E4D00A /* OpenSans_SemiCondensed-BoldItalic.ttf */ = {isa = PBXFileReference; lastKnownFileType = file; path = "OpenSans_SemiCondensed-BoldItalic.ttf"; sourceTree = "<group>"; };
		81E024E62AAF456500E4D00A /* OpenSans_Condensed-Italic.ttf */ = {isa = PBXFileReference; lastKnownFileType = file; path = "OpenSans_Condensed-Italic.ttf"; sourceTree = "<group>"; };
		81E024E72AAF456600E4D00A /* OpenSans_Condensed-SemiBoldItalic.ttf */ = {isa = PBXFileReference; lastKnownFileType = file; path = "OpenSans_Condensed-SemiBoldItalic.ttf"; sourceTree = "<group>"; };
		81E024E82AAF456600E4D00A /* OpenSans_Condensed-Medium.ttf */ = {isa = PBXFileReference; lastKnownFileType = file; path = "OpenSans_Condensed-Medium.ttf"; sourceTree = "<group>"; };
		81E024E92AAF456600E4D00A /* OpenSans_SemiCondensed-ExtraBoldItalic.ttf */ = {isa = PBXFileReference; lastKnownFileType = file; path = "OpenSans_SemiCondensed-ExtraBoldItalic.ttf"; sourceTree = "<group>"; };
		81E024EA2AAF456600E4D00A /* OpenSans_Condensed-LightItalic.ttf */ = {isa = PBXFileReference; lastKnownFileType = file; path = "OpenSans_Condensed-LightItalic.ttf"; sourceTree = "<group>"; };
		81E024EB2AAF456600E4D00A /* OpenSans-SemiBold.ttf */ = {isa = PBXFileReference; lastKnownFileType = file; path = "OpenSans-SemiBold.ttf"; sourceTree = "<group>"; };
		81E024EC2AAF456600E4D00A /* OpenSans_SemiCondensed-SemiBold.ttf */ = {isa = PBXFileReference; lastKnownFileType = file; path = "OpenSans_SemiCondensed-SemiBold.ttf"; sourceTree = "<group>"; };
		81E024ED2AAF456600E4D00A /* OpenSans_Condensed-Regular.ttf */ = {isa = PBXFileReference; lastKnownFileType = file; path = "OpenSans_Condensed-Regular.ttf"; sourceTree = "<group>"; };
		81E024EE2AAF456600E4D00A /* OpenSans-Bold.ttf */ = {isa = PBXFileReference; lastKnownFileType = file; path = "OpenSans-Bold.ttf"; sourceTree = "<group>"; };
		81E024EF2AAF456600E4D00A /* OpenSans-MediumItalic.ttf */ = {isa = PBXFileReference; lastKnownFileType = file; path = "OpenSans-MediumItalic.ttf"; sourceTree = "<group>"; };
		81E024F02AAF456600E4D00A /* OpenSans_SemiCondensed-ExtraBold.ttf */ = {isa = PBXFileReference; lastKnownFileType = file; path = "OpenSans_SemiCondensed-ExtraBold.ttf"; sourceTree = "<group>"; };
		81E024F12AAF456600E4D00A /* OpenSans_Condensed-ExtraBold.ttf */ = {isa = PBXFileReference; lastKnownFileType = file; path = "OpenSans_Condensed-ExtraBold.ttf"; sourceTree = "<group>"; };
		81E024F22AAF456600E4D00A /* OpenSans_SemiCondensed-Regular.ttf */ = {isa = PBXFileReference; lastKnownFileType = file; path = "OpenSans_SemiCondensed-Regular.ttf"; sourceTree = "<group>"; };
		81E024F32AAF456600E4D00A /* OpenSans_Condensed-BoldItalic.ttf */ = {isa = PBXFileReference; lastKnownFileType = file; path = "OpenSans_Condensed-BoldItalic.ttf"; sourceTree = "<group>"; };
		81E024F42AAF456600E4D00A /* OpenSans-Medium.ttf */ = {isa = PBXFileReference; lastKnownFileType = file; path = "OpenSans-Medium.ttf"; sourceTree = "<group>"; };
		81E024F52AAF456600E4D00A /* OpenSans_SemiCondensed-Bold.ttf */ = {isa = PBXFileReference; lastKnownFileType = file; path = "OpenSans_SemiCondensed-Bold.ttf"; sourceTree = "<group>"; };
		81E024F62AAF456600E4D00A /* OpenSans_Condensed-MediumItalic.ttf */ = {isa = PBXFileReference; lastKnownFileType = file; path = "OpenSans_Condensed-MediumItalic.ttf"; sourceTree = "<group>"; };
		81E024F72AAF456600E4D00A /* OpenSans_SemiCondensed-LightItalic.ttf */ = {isa = PBXFileReference; lastKnownFileType = file; path = "OpenSans_SemiCondensed-LightItalic.ttf"; sourceTree = "<group>"; };
		81E024F82AAF456600E4D00A /* OpenSans_SemiCondensed-SemiBoldItalic.ttf */ = {isa = PBXFileReference; lastKnownFileType = file; path = "OpenSans_SemiCondensed-SemiBoldItalic.ttf"; sourceTree = "<group>"; };
		81E024F92AAF456600E4D00A /* OpenSans-LightItalic.ttf */ = {isa = PBXFileReference; lastKnownFileType = file; path = "OpenSans-LightItalic.ttf"; sourceTree = "<group>"; };
		81E024FA2AAF456600E4D00A /* OpenSans-Light.ttf */ = {isa = PBXFileReference; lastKnownFileType = file; path = "OpenSans-Light.ttf"; sourceTree = "<group>"; };
		81E024FB2AAF456600E4D00A /* OpenSans-ExtraBoldItalic.ttf */ = {isa = PBXFileReference; lastKnownFileType = file; path = "OpenSans-ExtraBoldItalic.ttf"; sourceTree = "<group>"; };
		81E024FC2AAF456600E4D00A /* OpenSans-Italic.ttf */ = {isa = PBXFileReference; lastKnownFileType = file; path = "OpenSans-Italic.ttf"; sourceTree = "<group>"; };
		81E024FD2AAF456600E4D00A /* OpenSans-Regular.ttf */ = {isa = PBXFileReference; lastKnownFileType = file; path = "OpenSans-Regular.ttf"; sourceTree = "<group>"; };
		81E024FE2AAF456600E4D00A /* OpenSans_Condensed-SemiBold.ttf */ = {isa = PBXFileReference; lastKnownFileType = file; path = "OpenSans_Condensed-SemiBold.ttf"; sourceTree = "<group>"; };
		81E024FF2AAF456600E4D00A /* OpenSans_SemiCondensed-Italic.ttf */ = {isa = PBXFileReference; lastKnownFileType = file; path = "OpenSans_SemiCondensed-Italic.ttf"; sourceTree = "<group>"; };
		81E025002AAF456600E4D00A /* OpenSans-SemiBoldItalic.ttf */ = {isa = PBXFileReference; lastKnownFileType = file; path = "OpenSans-SemiBoldItalic.ttf"; sourceTree = "<group>"; };
		81E025012AAF456600E4D00A /* OpenSans_SemiCondensed-Light.ttf */ = {isa = PBXFileReference; lastKnownFileType = file; path = "OpenSans_SemiCondensed-Light.ttf"; sourceTree = "<group>"; };
		81E025022AAF456600E4D00A /* OpenSans_SemiCondensed-MediumItalic.ttf */ = {isa = PBXFileReference; lastKnownFileType = file; path = "OpenSans_SemiCondensed-MediumItalic.ttf"; sourceTree = "<group>"; };
		81E025032AAF456600E4D00A /* OpenSans-ExtraBold.ttf */ = {isa = PBXFileReference; lastKnownFileType = file; path = "OpenSans-ExtraBold.ttf"; sourceTree = "<group>"; };
		81E025042AAF456700E4D00A /* OpenSans_Condensed-ExtraBoldItalic.ttf */ = {isa = PBXFileReference; lastKnownFileType = file; path = "OpenSans_Condensed-ExtraBoldItalic.ttf"; sourceTree = "<group>"; };
		81E025052AAF456700E4D00A /* OpenSans-BoldItalic.ttf */ = {isa = PBXFileReference; lastKnownFileType = file; path = "OpenSans-BoldItalic.ttf"; sourceTree = "<group>"; };
		81E025062AAF456700E4D00A /* OpenSans_SemiCondensed-Medium.ttf */ = {isa = PBXFileReference; lastKnownFileType = file; path = "OpenSans_SemiCondensed-Medium.ttf"; sourceTree = "<group>"; };
		81E0252B2AAF468500E4D00A /* Company-Travel-Info.plist */ = {isa = PBXFileReference; lastKnownFileType = text.plist; path = "Company-Travel-Info.plist"; sourceTree = SOURCE_ROOT; };
		81E0252C2AAF471500E4D00A /* FontsApp.swift */ = {isa = PBXFileReference; lastKnownFileType = sourcecode.swift; path = FontsApp.swift; sourceTree = "<group>"; };
		81E0252E2AAF47FC00E4D00A /* Pacifico-Regular.ttf */ = {isa = PBXFileReference; lastKnownFileType = file; path = "Pacifico-Regular.ttf"; sourceTree = "<group>"; };
		81E025302AAF4A6B00E4D00A /* ColorsApp.swift */ = {isa = PBXFileReference; lastKnownFileType = sourcecode.swift; path = ColorsApp.swift; sourceTree = "<group>"; };
		81FBE2A22AC2ED2F001C0361 /* LogIn.swift */ = {isa = PBXFileReference; lastKnownFileType = sourcecode.swift; path = LogIn.swift; sourceTree = "<group>"; };
		81FBE4A42AAFCC79004E9790 /* HttpClientProtocol.swift */ = {isa = PBXFileReference; lastKnownFileType = sourcecode.swift; path = HttpClientProtocol.swift; sourceTree = "<group>"; };
		81FBE4A62AAFCEE0004E9790 /* HttpClientGeneric.swift */ = {isa = PBXFileReference; lastKnownFileType = sourcecode.swift; path = HttpClientGeneric.swift; sourceTree = "<group>"; };
		81FBE4AC2AAFD14B004E9790 /* HttpClient.swift */ = {isa = PBXFileReference; lastKnownFileType = sourcecode.swift; path = HttpClient.swift; sourceTree = "<group>"; };
		81FBE4AE2AAFD6D8004E9790 /* StoreHome.swift */ = {isa = PBXFileReference; lastKnownFileType = sourcecode.swift; path = StoreHome.swift; sourceTree = "<group>"; };
		81FBE4B12AAFD786004E9790 /* HttpClientFactory.swift */ = {isa = PBXFileReference; lastKnownFileType = sourcecode.swift; path = HttpClientFactory.swift; sourceTree = "<group>"; };
		81FBE4B42AAFDA52004E9790 /* constants.swift */ = {isa = PBXFileReference; lastKnownFileType = sourcecode.swift; path = constants.swift; sourceTree = "<group>"; };
		81FBE4BA2AAFDB53004E9790 /* destionationMock.swift */ = {isa = PBXFileReference; lastKnownFileType = sourcecode.swift; path = destionationMock.swift; sourceTree = "<group>"; };
		81FBE4BE2AAFDBBF004E9790 /* RowDestination.swift */ = {isa = PBXFileReference; lastKnownFileType = sourcecode.swift; path = RowDestination.swift; sourceTree = "<group>"; };
		81FBE4C12AAFE6B6004E9790 /* CornerRadius.swift */ = {isa = PBXFileReference; lastKnownFileType = sourcecode.swift; path = CornerRadius.swift; sourceTree = "<group>"; };
		81FDE4622AB47015004F3C59 /* ImagePickerRepresentable.swift */ = {isa = PBXFileReference; lastKnownFileType = sourcecode.swift; path = ImagePickerRepresentable.swift; sourceTree = "<group>"; };
		81FDE4642AB47965004F3C59 /* ButtonCommon.swift */ = {isa = PBXFileReference; lastKnownFileType = sourcecode.swift; path = ButtonCommon.swift; sourceTree = "<group>"; };
/* End PBXFileReference section */

/* Begin PBXFrameworksBuildPhase section */
		812E8D432AAE3DBE0043648D /* Frameworks */ = {
			isa = PBXFrameworksBuildPhase;
			buildActionMask = 2147483647;
			files = (
				81E540202AB8CC0E00660BF4 /* FirebaseAuth in Frameworks */,
				81E540222AB8CC0E00660BF4 /* FirebaseFirestore in Frameworks */,
				81E540242AB8CC0E00660BF4 /* FirebaseStorage in Frameworks */,
			);
			runOnlyForDeploymentPostprocessing = 0;
		};
		814B5EAF2ABC6D1A00242017 /* Frameworks */ = {
			isa = PBXFrameworksBuildPhase;
			buildActionMask = 2147483647;
			files = (
				814B5EBE2ABC6D4C00242017 /* FirebaseAuth in Frameworks */,
				814B5EC02ABC6D4F00242017 /* FirebaseFirestore in Frameworks */,
				814B5EC22ABC6D5300242017 /* FirebaseStorage in Frameworks */,
			);
			runOnlyForDeploymentPostprocessing = 0;
		};
/* End PBXFrameworksBuildPhase section */

/* Begin PBXGroup section */
		812E8D3D2AAE3DBE0043648D = {
			isa = PBXGroup;
			children = (
				8109BF162AB64227000D38C2 /* GoogleService-Info.plist */,
				812E8D482AAE3DBE0043648D /* Company Travel */,
				814B5EB32ABC6D1A00242017 /* Company Travel UITests */,
				812E8D472AAE3DBE0043648D /* Products */,
				819430D22ABBB5EA00E245FC /* Frameworks */,
			);
			sourceTree = "<group>";
		};
		812E8D472AAE3DBE0043648D /* Products */ = {
			isa = PBXGroup;
			children = (
				812E8D462AAE3DBE0043648D /* Company Travel.app */,
				814B5EB22ABC6D1A00242017 /* Company Travel UITests.xctest */,
			);
			name = Products;
			sourceTree = "<group>";
		};
		812E8D482AAE3DBE0043648D /* Company Travel */ = {
			isa = PBXGroup;
			children = (
				81D70B9F2ABDAF4100C69190 /* UiTesting */,
				81FDE4612AB46FF9004F3C59 /* Representable */,
				81A2D3202AB388810005DD73 /* Extension */,
				81FBE4C02AAFE69E004E9790 /* Modifiers */,
				81FBE4B92AAFDB37004E9790 /* Mock */,
				81FBE4B62AAFDB1C004E9790 /* Views */,
				81FBE4B32AAFDA37004E9790 /* Utility */,
				81FBE4A32AAFCC5A004E9790 /* Services */,
				81E024E12AAF454800E4D00A /* Theme */,
				81E024DE2AAF436900E4D00A /* Screens */,
				81E024DB2AAF39D500E4D00A /* Models */,
				81E024D62AAF395F00E4D00A /* Store */,
				81E0252B2AAF468500E4D00A /* Company-Travel-Info.plist */,
				812E8D492AAE3DBE0043648D /* Company_TravelApp.swift */,
				812E8D4D2AAE3DBF0043648D /* Assets.xcassets */,
				812E8D4F2AAE3DBF0043648D /* Preview Content */,
			);
			path = "Company Travel";
			sourceTree = "<group>";
		};
		812E8D4F2AAE3DBF0043648D /* Preview Content */ = {
			isa = PBXGroup;
			children = (
				812E8D502AAE3DBF0043648D /* Preview Assets.xcassets */,
			);
			path = "Preview Content";
			sourceTree = "<group>";
		};
		812FE18B2ABFB7FF00455933 /* MockService */ = {
			isa = PBXGroup;
			children = (
				819430CB2ABBB2F900E245FC /* MockHttpClient.swift */,
			);
			path = MockService;
			sourceTree = "<group>";
		};
		814B5EB32ABC6D1A00242017 /* Company Travel UITests */ = {
			isa = PBXGroup;
			children = (
				819430C62ABBB18C00E245FC /* UiTests */,
			);
			path = "Company Travel UITests";
			sourceTree = "<group>";
		};
		814C2C342AC3B794004D0D46 /* UiTestingLogInScreen */ = {
			isa = PBXGroup;
			children = (
				814C2C322AC3B779004D0D46 /* LogInScreen_UiTests.swift */,
			);
			path = UiTestingLogInScreen;
			sourceTree = "<group>";
		};
		819430C62ABBB18C00E245FC /* UiTests */ = {
			isa = PBXGroup;
			children = (
				814C2C342AC3B794004D0D46 /* UiTestingLogInScreen */,
				81D70B9C2ABDA8A900C69190 /* UiTestingSigInScreeen */,
				819430C92ABBB1E500E245FC /* UiTestingHomeScreen */,
			);
			path = UiTests;
			sourceTree = "<group>";
		};
		819430C92ABBB1E500E245FC /* UiTestingHomeScreen */ = {
			isa = PBXGroup;
			children = (
				819430C72ABBB1D600E245FC /* HomeScreen_UiTests.swift */,
			);
			path = UiTestingHomeScreen;
			sourceTree = "<group>";
		};
		819430CA2ABBB2D400E245FC /* MockServices */ = {
			isa = PBXGroup;
			children = (
				819430CD2ABBB3A300E245FC /* Mockable.swift */,
			);
			path = MockServices;
			sourceTree = "<group>";
		};
		819430D22ABBB5EA00E245FC /* Frameworks */ = {
			isa = PBXGroup;
			children = (
			);
			name = Frameworks;
			sourceTree = "<group>";
		};
		819430DA2ABBB84700E245FC /* MockData */ = {
			isa = PBXGroup;
			children = (
				819430DB2ABBB89100E245FC /* Destination.json */,
				812FE1902ABFC1BD00455933 /* User.json */,
			);
			path = MockData;
			sourceTree = "<group>";
		};
		81A2D3202AB388810005DD73 /* Extension */ = {
			isa = PBXGroup;
			children = (
				81A2D3212AB388A40005DD73 /* MaxLengthCharacter.swift */,
				815A99D72AB483FC00334793 /* UIDevice.swift */,
				815A99D92AB4893800334793 /* PresentationDetent.swift */,
				815A99DB2AB5184100334793 /* UIImage.swift */,
			);
			path = Extension;
			sourceTree = "<group>";
		};
		81D70B9C2ABDA8A900C69190 /* UiTestingSigInScreeen */ = {
			isa = PBXGroup;
			children = (
				81D70B9D2ABDA8E800C69190 /* SigInScreen_UiTests.swift */,
			);
			path = UiTestingSigInScreeen;
			sourceTree = "<group>";
		};
		81D70B9F2ABDAF4100C69190 /* UiTesting */ = {
			isa = PBXGroup;
			children = (
				812FE18B2ABFB7FF00455933 /* MockService */,
				81FBE4B02AAFD767004E9790 /* Factories */,
				819430CA2ABBB2D400E245FC /* MockServices */,
				819430DA2ABBB84700E245FC /* MockData */,
			);
			path = UiTesting;
			sourceTree = "<group>";
		};
		81E024D62AAF395F00E4D00A /* Store */ = {
			isa = PBXGroup;
			children = (
				81FBE4AE2AAFD6D8004E9790 /* StoreHome.swift */,
				811804EE2AB52CA2000BFA5C /* StoreUsers.swift */,
				813E666A2AC4A78000EB93BB /* StoreFavorites.swift */,
			);
			path = Store;
			sourceTree = "<group>";
		};
		81E024DB2AAF39D500E4D00A /* Models */ = {
			isa = PBXGroup;
			children = (
				81E024DC2AAF39EB00E4D00A /* DestinationModel.swift */,
				812FE18C2ABFB96500455933 /* UserModel.swift */,
				813E66682AC4A4FC00EB93BB /* FavoriteModel.swift */,
			);
			path = Models;
			sourceTree = "<group>";
		};
		81E024DE2AAF436900E4D00A /* Screens */ = {
			isa = PBXGroup;
			children = (
				812E8D4B2AAE3DBE0043648D /* HomeScreen.swift */,
				81AAB49D2AB135CF0037C3F2 /* FavoriteScreen.swift */,
				813FD1F62AB135F900BD4E7D /* ProfileScreen.swift */,
				81DC31812AB248F400025335 /* BottomNavigation.swift */,
				81701F3B2AB374880070E458 /* SignIn.swift */,
				81BE34D22AC1F8DE00AA5073 /* RootView.swift */,
				81FBE2A22AC2ED2F001C0361 /* LogIn.swift */,
			);
			path = Screens;
			sourceTree = "<group>";
		};
		81E024E12AAF454800E4D00A /* Theme */ = {
			isa = PBXGroup;
			children = (
				81E024E22AAF455000E4D00A /* Fonts */,
				81E0252C2AAF471500E4D00A /* FontsApp.swift */,
				81E025302AAF4A6B00E4D00A /* ColorsApp.swift */,
			);
			path = Theme;
			sourceTree = "<group>";
		};
		81E024E22AAF455000E4D00A /* Fonts */ = {
			isa = PBXGroup;
			children = (
				81E0252E2AAF47FC00E4D00A /* Pacifico-Regular.ttf */,
				81E024E32AAF456500E4D00A /* OpenSans_Condensed-Bold.ttf */,
				81E024F32AAF456600E4D00A /* OpenSans_Condensed-BoldItalic.ttf */,
				81E024F12AAF456600E4D00A /* OpenSans_Condensed-ExtraBold.ttf */,
				81E025042AAF456700E4D00A /* OpenSans_Condensed-ExtraBoldItalic.ttf */,
				81E024E62AAF456500E4D00A /* OpenSans_Condensed-Italic.ttf */,
				81E024E42AAF456500E4D00A /* OpenSans_Condensed-Light.ttf */,
				81E024EA2AAF456600E4D00A /* OpenSans_Condensed-LightItalic.ttf */,
				81E024E82AAF456600E4D00A /* OpenSans_Condensed-Medium.ttf */,
				81E024F62AAF456600E4D00A /* OpenSans_Condensed-MediumItalic.ttf */,
				81E024ED2AAF456600E4D00A /* OpenSans_Condensed-Regular.ttf */,
				81E024FE2AAF456600E4D00A /* OpenSans_Condensed-SemiBold.ttf */,
				81E024E72AAF456600E4D00A /* OpenSans_Condensed-SemiBoldItalic.ttf */,
				81E024F52AAF456600E4D00A /* OpenSans_SemiCondensed-Bold.ttf */,
				81E024E52AAF456500E4D00A /* OpenSans_SemiCondensed-BoldItalic.ttf */,
				81E024F02AAF456600E4D00A /* OpenSans_SemiCondensed-ExtraBold.ttf */,
				81E024E92AAF456600E4D00A /* OpenSans_SemiCondensed-ExtraBoldItalic.ttf */,
				81E024FF2AAF456600E4D00A /* OpenSans_SemiCondensed-Italic.ttf */,
				81E025012AAF456600E4D00A /* OpenSans_SemiCondensed-Light.ttf */,
				81E024F72AAF456600E4D00A /* OpenSans_SemiCondensed-LightItalic.ttf */,
				81E025062AAF456700E4D00A /* OpenSans_SemiCondensed-Medium.ttf */,
				81E025022AAF456600E4D00A /* OpenSans_SemiCondensed-MediumItalic.ttf */,
				81E024F22AAF456600E4D00A /* OpenSans_SemiCondensed-Regular.ttf */,
				81E024EC2AAF456600E4D00A /* OpenSans_SemiCondensed-SemiBold.ttf */,
				81E024F82AAF456600E4D00A /* OpenSans_SemiCondensed-SemiBoldItalic.ttf */,
				81E024EE2AAF456600E4D00A /* OpenSans-Bold.ttf */,
				81E025052AAF456700E4D00A /* OpenSans-BoldItalic.ttf */,
				81E025032AAF456600E4D00A /* OpenSans-ExtraBold.ttf */,
				81E024FB2AAF456600E4D00A /* OpenSans-ExtraBoldItalic.ttf */,
				81E024FC2AAF456600E4D00A /* OpenSans-Italic.ttf */,
				81E024FA2AAF456600E4D00A /* OpenSans-Light.ttf */,
				81E024F92AAF456600E4D00A /* OpenSans-LightItalic.ttf */,
				81E024F42AAF456600E4D00A /* OpenSans-Medium.ttf */,
				81E024EF2AAF456600E4D00A /* OpenSans-MediumItalic.ttf */,
				81E024FD2AAF456600E4D00A /* OpenSans-Regular.ttf */,
				81E024EB2AAF456600E4D00A /* OpenSans-SemiBold.ttf */,
				81E025002AAF456600E4D00A /* OpenSans-SemiBoldItalic.ttf */,
			);
			path = Fonts;
			sourceTree = "<group>";
		};
		81FBE4A32AAFCC5A004E9790 /* Services */ = {
			isa = PBXGroup;
			children = (
				81FBE4A42AAFCC79004E9790 /* HttpClientProtocol.swift */,
				81FBE4A62AAFCEE0004E9790 /* HttpClientGeneric.swift */,
				81FBE4AC2AAFD14B004E9790 /* HttpClient.swift */,
			);
			path = Services;
			sourceTree = "<group>";
		};
		81FBE4B02AAFD767004E9790 /* Factories */ = {
			isa = PBXGroup;
			children = (
				81FBE4B12AAFD786004E9790 /* HttpClientFactory.swift */,
				81D70B9A2ABDA39900C69190 /* ScreensFactory.swift */,
			);
			path = Factories;
			sourceTree = "<group>";
		};
		81FBE4B32AAFDA37004E9790 /* Utility */ = {
			isa = PBXGroup;
			children = (
				81FBE4B42AAFDA52004E9790 /* constants.swift */,
				813A04912AB37B4500D38CC3 /* TextFieldValidate.swift */,
				8136B4F52AB683240083B098 /* ValidateTextField.swift */,
				818C24B72AB6876E0074A721 /* HelpersFunction.swift */,
				818C24BB2AB68D1F0074A721 /* KeyBoardResponder.swift */,
				81BE34D42AC2090B00AA5073 /* EnvironmentUser.swift */,
			);
			path = Utility;
			sourceTree = "<group>";
		};
		81FBE4B62AAFDB1C004E9790 /* Views */ = {
			isa = PBXGroup;
			children = (
				81FBE4BE2AAFDBBF004E9790 /* RowDestination.swift */,
				819BBDEC2AB1D544005A6957 /* ContentButtonTabBar.swift */,
				81DC31832AB257DC00025335 /* BottomItemNavigation.swift */,
				81DC318B2AB25DC500025335 /* PlaceHolders.swift */,
				81701F3D2AB374EE0070E458 /* TextFieldCommon.swift */,
				81FDE4642AB47965004F3C59 /* ButtonCommon.swift */,
				8109BF1A2AB64C7A000D38C2 /* TextFieldSecurity.swift */,
				816484792AC3AB13006F4CF0 /* BackButton.swift */,
			);
			path = Views;
			sourceTree = "<group>";
		};
		81FBE4B92AAFDB37004E9790 /* Mock */ = {
			isa = PBXGroup;
			children = (
				81FBE4BA2AAFDB53004E9790 /* destionationMock.swift */,
			);
			path = Mock;
			sourceTree = "<group>";
		};
		81FBE4C02AAFE69E004E9790 /* Modifiers */ = {
			isa = PBXGroup;
			children = (
				81FBE4C12AAFE6B6004E9790 /* CornerRadius.swift */,
				81DC31872AB25CDC00025335 /* Shimmer.swift */,
				81DC31892AB25CE900025335 /* RedactShimmerViewModifier.swift */,
			);
			path = Modifiers;
			sourceTree = "<group>";
		};
		81FDE4612AB46FF9004F3C59 /* Representable */ = {
			isa = PBXGroup;
			children = (
				81FDE4622AB47015004F3C59 /* ImagePickerRepresentable.swift */,
			);
			path = Representable;
			sourceTree = "<group>";
		};
/* End PBXGroup section */

/* Begin PBXNativeTarget section */
		812E8D452AAE3DBE0043648D /* Company Travel */ = {
			isa = PBXNativeTarget;
			buildConfigurationList = 812E8D542AAE3DBF0043648D /* Build configuration list for PBXNativeTarget "Company Travel" */;
			buildPhases = (
				812E8D422AAE3DBE0043648D /* Sources */,
				812E8D432AAE3DBE0043648D /* Frameworks */,
				812E8D442AAE3DBE0043648D /* Resources */,
				812E8D572AAE3EA90043648D /* swiftformat */,
				812E8D582AAE3ECC0043648D /* swiftlint */,
			);
			buildRules = (
			);
			dependencies = (
			);
			name = "Company Travel";
			packageProductDependencies = (
				81E5401F2AB8CC0E00660BF4 /* FirebaseAuth */,
				81E540212AB8CC0E00660BF4 /* FirebaseFirestore */,
				81E540232AB8CC0E00660BF4 /* FirebaseStorage */,
			);
			productName = "Company Travel";
			productReference = 812E8D462AAE3DBE0043648D /* Company Travel.app */;
			productType = "com.apple.product-type.application";
		};
		814B5EB12ABC6D1A00242017 /* Company Travel UITests */ = {
			isa = PBXNativeTarget;
			buildConfigurationList = 814B5EBA2ABC6D1A00242017 /* Build configuration list for PBXNativeTarget "Company Travel UITests" */;
			buildPhases = (
				814B5EAE2ABC6D1A00242017 /* Sources */,
				814B5EAF2ABC6D1A00242017 /* Frameworks */,
				814B5EB02ABC6D1A00242017 /* Resources */,
			);
			buildRules = (
			);
			dependencies = (
				814B5EB92ABC6D1A00242017 /* PBXTargetDependency */,
			);
			name = "Company Travel UITests";
			packageProductDependencies = (
				814B5EBD2ABC6D4C00242017 /* FirebaseAuth */,
				814B5EBF2ABC6D4F00242017 /* FirebaseFirestore */,
				814B5EC12ABC6D5300242017 /* FirebaseStorage */,
			);
			productName = "Company Travel UITests";
			productReference = 814B5EB22ABC6D1A00242017 /* Company Travel UITests.xctest */;
			productType = "com.apple.product-type.bundle.ui-testing";
		};
/* End PBXNativeTarget section */

/* Begin PBXProject section */
		812E8D3E2AAE3DBE0043648D /* Project object */ = {
			isa = PBXProject;
			attributes = {
				BuildIndependentTargetsInParallel = 1;
				LastSwiftUpdateCheck = 1430;
				LastUpgradeCheck = 1430;
				TargetAttributes = {
					812E8D452AAE3DBE0043648D = {
						CreatedOnToolsVersion = 14.3.1;
					};
					814B5EB12ABC6D1A00242017 = {
						CreatedOnToolsVersion = 14.3.1;
						TestTargetID = 812E8D452AAE3DBE0043648D;
					};
				};
			};
			buildConfigurationList = 812E8D412AAE3DBE0043648D /* Build configuration list for PBXProject "Company Travel" */;
			compatibilityVersion = "Xcode 14.0";
			developmentRegion = en;
			hasScannedForEncodings = 0;
			knownRegions = (
				en,
				Base,
			);
			mainGroup = 812E8D3D2AAE3DBE0043648D;
			packageReferences = (
				81E5401E2AB8CC0E00660BF4 /* XCRemoteSwiftPackageReference "firebase-ios-sdk" */,
			);
			productRefGroup = 812E8D472AAE3DBE0043648D /* Products */;
			projectDirPath = "";
			projectRoot = "";
			targets = (
				812E8D452AAE3DBE0043648D /* Company Travel */,
				814B5EB12ABC6D1A00242017 /* Company Travel UITests */,
			);
		};
/* End PBXProject section */

/* Begin PBXResourcesBuildPhase section */
		812E8D442AAE3DBE0043648D /* Resources */ = {
			isa = PBXResourcesBuildPhase;
			buildActionMask = 2147483647;
			files = (
				81E025182AAF456700E4D00A /* OpenSans-Medium.ttf in Resources */,
				81E025132AAF456700E4D00A /* OpenSans-MediumItalic.ttf in Resources */,
				81E025092AAF456700E4D00A /* OpenSans_SemiCondensed-BoldItalic.ttf in Resources */,
				81E0250D2AAF456700E4D00A /* OpenSans_SemiCondensed-ExtraBoldItalic.ttf in Resources */,
				81E025192AAF456700E4D00A /* OpenSans_SemiCondensed-Bold.ttf in Resources */,
				81E025162AAF456700E4D00A /* OpenSans_SemiCondensed-Regular.ttf in Resources */,
				81E0250E2AAF456700E4D00A /* OpenSans_Condensed-LightItalic.ttf in Resources */,
				81E025102AAF456700E4D00A /* OpenSans_SemiCondensed-SemiBold.ttf in Resources */,
				81E025292AAF456700E4D00A /* OpenSans-BoldItalic.ttf in Resources */,
				812E8D512AAE3DBF0043648D /* Preview Assets.xcassets in Resources */,
				812FE1912ABFC1BD00455933 /* User.json in Resources */,
				81E025262AAF456700E4D00A /* OpenSans_SemiCondensed-MediumItalic.ttf in Resources */,
				81E0250F2AAF456700E4D00A /* OpenSans-SemiBold.ttf in Resources */,
				81E025272AAF456700E4D00A /* OpenSans-ExtraBold.ttf in Resources */,
				81E025212AAF456700E4D00A /* OpenSans-Regular.ttf in Resources */,
				81E025082AAF456700E4D00A /* OpenSans_Condensed-Light.ttf in Resources */,
				812E8D4E2AAE3DBF0043648D /* Assets.xcassets in Resources */,
				81E025172AAF456700E4D00A /* OpenSans_Condensed-BoldItalic.ttf in Resources */,
				8109BF172AB64227000D38C2 /* GoogleService-Info.plist in Resources */,
				81E0251C2AAF456700E4D00A /* OpenSans_SemiCondensed-SemiBoldItalic.ttf in Resources */,
				81E025142AAF456700E4D00A /* OpenSans_SemiCondensed-ExtraBold.ttf in Resources */,
				81E025202AAF456700E4D00A /* OpenSans-Italic.ttf in Resources */,
				81E0251F2AAF456700E4D00A /* OpenSans-ExtraBoldItalic.ttf in Resources */,
				81E0251E2AAF456700E4D00A /* OpenSans-Light.ttf in Resources */,
				81E0251A2AAF456700E4D00A /* OpenSans_Condensed-MediumItalic.ttf in Resources */,
				81E025152AAF456700E4D00A /* OpenSans_Condensed-ExtraBold.ttf in Resources */,
				81E025232AAF456700E4D00A /* OpenSans_SemiCondensed-Italic.ttf in Resources */,
				81E025252AAF456700E4D00A /* OpenSans_SemiCondensed-Light.ttf in Resources */,
				81E025282AAF456700E4D00A /* OpenSans_Condensed-ExtraBoldItalic.ttf in Resources */,
				81E025222AAF456700E4D00A /* OpenSans_Condensed-SemiBold.ttf in Resources */,
				81E025122AAF456700E4D00A /* OpenSans-Bold.ttf in Resources */,
				81E0252F2AAF47FD00E4D00A /* Pacifico-Regular.ttf in Resources */,
				81E025112AAF456700E4D00A /* OpenSans_Condensed-Regular.ttf in Resources */,
				81E0250B2AAF456700E4D00A /* OpenSans_Condensed-SemiBoldItalic.ttf in Resources */,
				81E0250A2AAF456700E4D00A /* OpenSans_Condensed-Italic.ttf in Resources */,
				81E0252A2AAF456700E4D00A /* OpenSans_SemiCondensed-Medium.ttf in Resources */,
				81E0251B2AAF456700E4D00A /* OpenSans_SemiCondensed-LightItalic.ttf in Resources */,
				81E025072AAF456700E4D00A /* OpenSans_Condensed-Bold.ttf in Resources */,
				81E0250C2AAF456700E4D00A /* OpenSans_Condensed-Medium.ttf in Resources */,
				81E025242AAF456700E4D00A /* OpenSans-SemiBoldItalic.ttf in Resources */,
				814B5E922ABC673B00242017 /* Destination.json in Resources */,
				81E0251D2AAF456700E4D00A /* OpenSans-LightItalic.ttf in Resources */,
			);
			runOnlyForDeploymentPostprocessing = 0;
		};
		814B5EB02ABC6D1A00242017 /* Resources */ = {
			isa = PBXResourcesBuildPhase;
			buildActionMask = 2147483647;
			files = (
			);
			runOnlyForDeploymentPostprocessing = 0;
		};
/* End PBXResourcesBuildPhase section */

/* Begin PBXShellScriptBuildPhase section */
		812E8D572AAE3EA90043648D /* swiftformat */ = {
			isa = PBXShellScriptBuildPhase;
			buildActionMask = 2147483647;
			files = (
			);
			inputFileListPaths = (
			);
			inputPaths = (
			);
			name = swiftformat;
			outputFileListPaths = (
			);
			outputPaths = (
			);
			runOnlyForDeploymentPostprocessing = 0;
			shellPath = /bin/sh;
			shellScript = "export PATH=\"/opt/homebrew/bin:$PATH\"\nif which swiftformat > /dev/null; then\n  swiftformat .\nelse\n  echo \"warning: SwiftFormat not installed, download from https://github.com/nicklockwood/SwiftFormat\"\nfi\n";
		};
		812E8D582AAE3ECC0043648D /* swiftlint */ = {
			isa = PBXShellScriptBuildPhase;
			buildActionMask = 2147483647;
			files = (
			);
			inputFileListPaths = (
			);
			inputPaths = (
			);
			name = swiftlint;
			outputFileListPaths = (
			);
			outputPaths = (
			);
			runOnlyForDeploymentPostprocessing = 0;
			shellPath = /bin/sh;
			shellScript = "export PATH=\"/opt/homebrew/bin:$PATH\"\nif which swiftformat > /dev/null; then\n  swiftlint \nelse\n  echo \"warning: swiftlint not installed\"\nfi\n";
		};
/* End PBXShellScriptBuildPhase section */

/* Begin PBXSourcesBuildPhase section */
		812E8D422AAE3DBE0043648D /* Sources */ = {
			isa = PBXSourcesBuildPhase;
			buildActionMask = 2147483647;
			files = (
				81FDE4632AB47015004F3C59 /* ImagePickerRepresentable.swift in Sources */,
				81E025312AAF4A6B00E4D00A /* ColorsApp.swift in Sources */,
				814B5E652ABC60AF00242017 /* TextFieldCommon.swift in Sources */,
				814B5E5E2ABC606300242017 /* HttpClient.swift in Sources */,
				814B5E612ABC609E00242017 /* PlaceHolders.swift in Sources */,
				814B5E932ABC673F00242017 /* Mockable.swift in Sources */,
				813E66692AC4A4FC00EB93BB /* FavoriteModel.swift in Sources */,
				81A2D3222AB388A40005DD73 /* MaxLengthCharacter.swift in Sources */,
				815A99D82AB483FC00334793 /* UIDevice.swift in Sources */,
				81FBE4C22AAFE6B6004E9790 /* CornerRadius.swift in Sources */,
				814B5E5F2ABC606600242017 /* SignIn.swift in Sources */,
				814B5E632ABC60A700242017 /* ContentButtonTabBar.swift in Sources */,
				81DC31822AB248F400025335 /* BottomNavigation.swift in Sources */,
				815A99DA2AB4893800334793 /* PresentationDetent.swift in Sources */,
				813A04922AB37B4500D38CC3 /* TextFieldValidate.swift in Sources */,
				8136B4F62AB683240083B098 /* ValidateTextField.swift in Sources */,
				811804EF2AB52CA2000BFA5C /* StoreUsers.swift in Sources */,
				814B5E912ABC66DD00242017 /* MockHttpClient.swift in Sources */,
				814B5E622ABC60A400242017 /* BottomItemNavigation.swift in Sources */,
				81FBE2A32AC2ED2F001C0361 /* LogIn.swift in Sources */,
				812FE18D2ABFB96500455933 /* UserModel.swift in Sources */,
				812E8D4A2AAE3DBE0043648D /* Company_TravelApp.swift in Sources */,
				81E0252D2AAF471500E4D00A /* FontsApp.swift in Sources */,
				815A99DC2AB5184100334793 /* UIImage.swift in Sources */,
				814B5E672ABC60B300242017 /* TextFieldSecurity.swift in Sources */,
				8164847A2AC3AB13006F4CF0 /* BackButton.swift in Sources */,
				818C24BC2AB68D1F0074A721 /* KeyBoardResponder.swift in Sources */,
				813FD1F72AB135F900BD4E7D /* ProfileScreen.swift in Sources */,
				81D70B9B2ABDA39900C69190 /* ScreensFactory.swift in Sources */,
				81FBE4A52AAFCC79004E9790 /* HttpClientProtocol.swift in Sources */,
				81FBE4AF2AAFD6D8004E9790 /* StoreHome.swift in Sources */,
				81E024DD2AAF39EB00E4D00A /* DestinationModel.swift in Sources */,
				81FBE4A72AAFCEE0004E9790 /* HttpClientGeneric.swift in Sources */,
				81BE34D32AC1F8DE00AA5073 /* RootView.swift in Sources */,
				818C24B82AB6876E0074A721 /* HelpersFunction.swift in Sources */,
				813E666B2AC4A78000EB93BB /* StoreFavorites.swift in Sources */,
				81DC31882AB25CDC00025335 /* Shimmer.swift in Sources */,
				81FBE4BB2AAFDB53004E9790 /* destionationMock.swift in Sources */,
				81BE34D52AC2090B00AA5073 /* EnvironmentUser.swift in Sources */,
				814B5E8E2ABC650400242017 /* HttpClientFactory.swift in Sources */,
				814B5E662ABC60B100242017 /* ButtonCommon.swift in Sources */,
				814B5E602ABC606900242017 /* HomeScreen.swift in Sources */,
				81DC318A2AB25CE900025335 /* RedactShimmerViewModifier.swift in Sources */,
				81FBE4B52AAFDA52004E9790 /* constants.swift in Sources */,
				81AAB49E2AB135CF0037C3F2 /* FavoriteScreen.swift in Sources */,
				814B5E642ABC60AA00242017 /* RowDestination.swift in Sources */,
			);
			runOnlyForDeploymentPostprocessing = 0;
		};
		814B5EAE2ABC6D1A00242017 /* Sources */ = {
			isa = PBXSourcesBuildPhase;
			buildActionMask = 2147483647;
			files = (
				814B5EC72ABC6D7000242017 /* HomeScreen_UiTests.swift in Sources */,
				814C2C332AC3B779004D0D46 /* LogInScreen_UiTests.swift in Sources */,
				81D70B9E2ABDA8E800C69190 /* SigInScreen_UiTests.swift in Sources */,
			);
			runOnlyForDeploymentPostprocessing = 0;
		};
/* End PBXSourcesBuildPhase section */

/* Begin PBXTargetDependency section */
		814B5EB92ABC6D1A00242017 /* PBXTargetDependency */ = {
			isa = PBXTargetDependency;
			target = 812E8D452AAE3DBE0043648D /* Company Travel */;
			targetProxy = 814B5EB82ABC6D1A00242017 /* PBXContainerItemProxy */;
		};
/* End PBXTargetDependency section */

/* Begin XCBuildConfiguration section */
		812E8D522AAE3DBF0043648D /* Debug */ = {
			isa = XCBuildConfiguration;
			buildSettings = {
				ALWAYS_SEARCH_USER_PATHS = NO;
				CLANG_ANALYZER_NONNULL = YES;
				CLANG_ANALYZER_NUMBER_OBJECT_CONVERSION = YES_AGGRESSIVE;
				CLANG_CXX_LANGUAGE_STANDARD = "gnu++20";
				CLANG_ENABLE_MODULES = YES;
				CLANG_ENABLE_OBJC_ARC = YES;
				CLANG_ENABLE_OBJC_WEAK = YES;
				CLANG_WARN_BLOCK_CAPTURE_AUTORELEASING = YES;
				CLANG_WARN_BOOL_CONVERSION = YES;
				CLANG_WARN_COMMA = YES;
				CLANG_WARN_CONSTANT_CONVERSION = YES;
				CLANG_WARN_DEPRECATED_OBJC_IMPLEMENTATIONS = YES;
				CLANG_WARN_DIRECT_OBJC_ISA_USAGE = YES_ERROR;
				CLANG_WARN_DOCUMENTATION_COMMENTS = YES;
				CLANG_WARN_EMPTY_BODY = YES;
				CLANG_WARN_ENUM_CONVERSION = YES;
				CLANG_WARN_INFINITE_RECURSION = YES;
				CLANG_WARN_INT_CONVERSION = YES;
				CLANG_WARN_NON_LITERAL_NULL_CONVERSION = YES;
				CLANG_WARN_OBJC_IMPLICIT_RETAIN_SELF = YES;
				CLANG_WARN_OBJC_LITERAL_CONVERSION = YES;
				CLANG_WARN_OBJC_ROOT_CLASS = YES_ERROR;
				CLANG_WARN_QUOTED_INCLUDE_IN_FRAMEWORK_HEADER = YES;
				CLANG_WARN_RANGE_LOOP_ANALYSIS = YES;
				CLANG_WARN_STRICT_PROTOTYPES = YES;
				CLANG_WARN_SUSPICIOUS_MOVE = YES;
				CLANG_WARN_UNGUARDED_AVAILABILITY = YES_AGGRESSIVE;
				CLANG_WARN_UNREACHABLE_CODE = YES;
				CLANG_WARN__DUPLICATE_METHOD_MATCH = YES;
				COPY_PHASE_STRIP = NO;
				DEBUG_INFORMATION_FORMAT = dwarf;
				ENABLE_STRICT_OBJC_MSGSEND = YES;
				ENABLE_TESTABILITY = YES;
				GCC_C_LANGUAGE_STANDARD = gnu11;
				GCC_DYNAMIC_NO_PIC = NO;
				GCC_NO_COMMON_BLOCKS = YES;
				GCC_OPTIMIZATION_LEVEL = 0;
				GCC_PREPROCESSOR_DEFINITIONS = (
					"DEBUG=1",
					"$(inherited)",
				);
				GCC_WARN_64_TO_32_BIT_CONVERSION = YES;
				GCC_WARN_ABOUT_RETURN_TYPE = YES_ERROR;
				GCC_WARN_UNDECLARED_SELECTOR = YES;
				GCC_WARN_UNINITIALIZED_AUTOS = YES_AGGRESSIVE;
				GCC_WARN_UNUSED_FUNCTION = YES;
				GCC_WARN_UNUSED_VARIABLE = YES;
				IPHONEOS_DEPLOYMENT_TARGET = 16.4;
				MTL_ENABLE_DEBUG_INFO = INCLUDE_SOURCE;
				MTL_FAST_MATH = YES;
				ONLY_ACTIVE_ARCH = YES;
				SDKROOT = iphoneos;
				SWIFT_ACTIVE_COMPILATION_CONDITIONS = DEBUG;
				SWIFT_OPTIMIZATION_LEVEL = "-Onone";
			};
			name = Debug;
		};
		812E8D532AAE3DBF0043648D /* Release */ = {
			isa = XCBuildConfiguration;
			buildSettings = {
				ALWAYS_SEARCH_USER_PATHS = NO;
				CLANG_ANALYZER_NONNULL = YES;
				CLANG_ANALYZER_NUMBER_OBJECT_CONVERSION = YES_AGGRESSIVE;
				CLANG_CXX_LANGUAGE_STANDARD = "gnu++20";
				CLANG_ENABLE_MODULES = YES;
				CLANG_ENABLE_OBJC_ARC = YES;
				CLANG_ENABLE_OBJC_WEAK = YES;
				CLANG_WARN_BLOCK_CAPTURE_AUTORELEASING = YES;
				CLANG_WARN_BOOL_CONVERSION = YES;
				CLANG_WARN_COMMA = YES;
				CLANG_WARN_CONSTANT_CONVERSION = YES;
				CLANG_WARN_DEPRECATED_OBJC_IMPLEMENTATIONS = YES;
				CLANG_WARN_DIRECT_OBJC_ISA_USAGE = YES_ERROR;
				CLANG_WARN_DOCUMENTATION_COMMENTS = YES;
				CLANG_WARN_EMPTY_BODY = YES;
				CLANG_WARN_ENUM_CONVERSION = YES;
				CLANG_WARN_INFINITE_RECURSION = YES;
				CLANG_WARN_INT_CONVERSION = YES;
				CLANG_WARN_NON_LITERAL_NULL_CONVERSION = YES;
				CLANG_WARN_OBJC_IMPLICIT_RETAIN_SELF = YES;
				CLANG_WARN_OBJC_LITERAL_CONVERSION = YES;
				CLANG_WARN_OBJC_ROOT_CLASS = YES_ERROR;
				CLANG_WARN_QUOTED_INCLUDE_IN_FRAMEWORK_HEADER = YES;
				CLANG_WARN_RANGE_LOOP_ANALYSIS = YES;
				CLANG_WARN_STRICT_PROTOTYPES = YES;
				CLANG_WARN_SUSPICIOUS_MOVE = YES;
				CLANG_WARN_UNGUARDED_AVAILABILITY = YES_AGGRESSIVE;
				CLANG_WARN_UNREACHABLE_CODE = YES;
				CLANG_WARN__DUPLICATE_METHOD_MATCH = YES;
				COPY_PHASE_STRIP = NO;
				DEBUG_INFORMATION_FORMAT = "dwarf-with-dsym";
				ENABLE_NS_ASSERTIONS = NO;
				ENABLE_STRICT_OBJC_MSGSEND = YES;
				GCC_C_LANGUAGE_STANDARD = gnu11;
				GCC_NO_COMMON_BLOCKS = YES;
				GCC_WARN_64_TO_32_BIT_CONVERSION = YES;
				GCC_WARN_ABOUT_RETURN_TYPE = YES_ERROR;
				GCC_WARN_UNDECLARED_SELECTOR = YES;
				GCC_WARN_UNINITIALIZED_AUTOS = YES_AGGRESSIVE;
				GCC_WARN_UNUSED_FUNCTION = YES;
				GCC_WARN_UNUSED_VARIABLE = YES;
				IPHONEOS_DEPLOYMENT_TARGET = 16.4;
				MTL_ENABLE_DEBUG_INFO = NO;
				MTL_FAST_MATH = YES;
				SDKROOT = iphoneos;
				SWIFT_COMPILATION_MODE = wholemodule;
				SWIFT_OPTIMIZATION_LEVEL = "-O";
				VALIDATE_PRODUCT = YES;
			};
			name = Release;
		};
		812E8D552AAE3DBF0043648D /* Debug */ = {
			isa = XCBuildConfiguration;
			buildSettings = {
				ASSETCATALOG_COMPILER_APPICON_NAME = AppIcon;
				ASSETCATALOG_COMPILER_GLOBAL_ACCENT_COLOR_NAME = AccentColor;
				CODE_SIGN_STYLE = Automatic;
				CURRENT_PROJECT_VERSION = 1;
				DEVELOPMENT_ASSET_PATHS = "\"Company Travel/Preview Content\"";
				DEVELOPMENT_TEAM = 7LW2N5TNNW;
				ENABLE_PREVIEWS = YES;
				GENERATE_INFOPLIST_FILE = YES;
				INFOPLIST_FILE = "Company-Travel-Info.plist";
				INFOPLIST_KEY_NSCameraUsageDescription = "Company Travell precisa acessar sua camera";
				INFOPLIST_KEY_NSPhotoLibraryUsageDescription = "Company Travell precisa acessar sua galeria de fotos";
				INFOPLIST_KEY_UIApplicationSceneManifest_Generation = YES;
				INFOPLIST_KEY_UIApplicationSupportsIndirectInputEvents = YES;
				INFOPLIST_KEY_UILaunchScreen_Generation = YES;
				INFOPLIST_KEY_UISupportedInterfaceOrientations_iPad = "UIInterfaceOrientationPortrait UIInterfaceOrientationPortraitUpsideDown UIInterfaceOrientationLandscapeLeft UIInterfaceOrientationLandscapeRight";
				INFOPLIST_KEY_UISupportedInterfaceOrientations_iPhone = "UIInterfaceOrientationPortrait UIInterfaceOrientationLandscapeLeft UIInterfaceOrientationLandscapeRight";
				INFOPLIST_KEY_UIUserInterfaceStyle = Light;
				LD_RUNPATH_SEARCH_PATHS = (
					"$(inherited)",
					"@executable_path/Frameworks",
				);
				MARKETING_VERSION = 1.0;
				PRODUCT_BUNDLE_IDENTIFIER = "com.kvm.Company-Travel";
				PRODUCT_NAME = "$(TARGET_NAME)";
				SWIFT_EMIT_LOC_STRINGS = YES;
				SWIFT_VERSION = 5.0;
				TARGETED_DEVICE_FAMILY = "1,2";
			};
			name = Debug;
		};
		812E8D562AAE3DBF0043648D /* Release */ = {
			isa = XCBuildConfiguration;
			buildSettings = {
				ASSETCATALOG_COMPILER_APPICON_NAME = AppIcon;
				ASSETCATALOG_COMPILER_GLOBAL_ACCENT_COLOR_NAME = AccentColor;
				CODE_SIGN_STYLE = Automatic;
				CURRENT_PROJECT_VERSION = 1;
				DEVELOPMENT_ASSET_PATHS = "\"Company Travel/Preview Content\"";
				DEVELOPMENT_TEAM = 7LW2N5TNNW;
				ENABLE_PREVIEWS = YES;
				GENERATE_INFOPLIST_FILE = YES;
				INFOPLIST_FILE = "Company-Travel-Info.plist";
				INFOPLIST_KEY_NSCameraUsageDescription = "Company Travell precisa acessar sua camera";
				INFOPLIST_KEY_NSPhotoLibraryUsageDescription = "Company Travell precisa acessar sua galeria de fotos";
				INFOPLIST_KEY_UIApplicationSceneManifest_Generation = YES;
				INFOPLIST_KEY_UIApplicationSupportsIndirectInputEvents = YES;
				INFOPLIST_KEY_UILaunchScreen_Generation = YES;
				INFOPLIST_KEY_UISupportedInterfaceOrientations_iPad = "UIInterfaceOrientationPortrait UIInterfaceOrientationPortraitUpsideDown UIInterfaceOrientationLandscapeLeft UIInterfaceOrientationLandscapeRight";
				INFOPLIST_KEY_UISupportedInterfaceOrientations_iPhone = "UIInterfaceOrientationPortrait UIInterfaceOrientationLandscapeLeft UIInterfaceOrientationLandscapeRight";
				INFOPLIST_KEY_UIUserInterfaceStyle = Light;
				LD_RUNPATH_SEARCH_PATHS = (
					"$(inherited)",
					"@executable_path/Frameworks",
				);
				MARKETING_VERSION = 1.0;
				PRODUCT_BUNDLE_IDENTIFIER = "com.kvm.Company-Travel";
				PRODUCT_NAME = "$(TARGET_NAME)";
				SWIFT_EMIT_LOC_STRINGS = YES;
				SWIFT_VERSION = 5.0;
				TARGETED_DEVICE_FAMILY = "1,2";
			};
			name = Release;
		};
		814B5EBB2ABC6D1A00242017 /* Debug */ = {
			isa = XCBuildConfiguration;
			buildSettings = {
				CODE_SIGN_STYLE = Automatic;
				CURRENT_PROJECT_VERSION = 1;
				DEVELOPMENT_TEAM = 7LW2N5TNNW;
				GENERATE_INFOPLIST_FILE = YES;
				MARKETING_VERSION = 1.0;
				PRODUCT_BUNDLE_IDENTIFIER = "com.kvm.Company-Travel-UITests";
				PRODUCT_NAME = "$(TARGET_NAME)";
				SWIFT_EMIT_LOC_STRINGS = NO;
				SWIFT_VERSION = 5.0;
				TARGETED_DEVICE_FAMILY = "1,2";
				TEST_TARGET_NAME = "Company Travel";
			};
			name = Debug;
		};
		814B5EBC2ABC6D1A00242017 /* Release */ = {
			isa = XCBuildConfiguration;
			buildSettings = {
				CODE_SIGN_STYLE = Automatic;
				CURRENT_PROJECT_VERSION = 1;
				DEVELOPMENT_TEAM = 7LW2N5TNNW;
				GENERATE_INFOPLIST_FILE = YES;
				MARKETING_VERSION = 1.0;
				PRODUCT_BUNDLE_IDENTIFIER = "com.kvm.Company-Travel-UITests";
				PRODUCT_NAME = "$(TARGET_NAME)";
				SWIFT_EMIT_LOC_STRINGS = NO;
				SWIFT_VERSION = 5.0;
				TARGETED_DEVICE_FAMILY = "1,2";
				TEST_TARGET_NAME = "Company Travel";
			};
			name = Release;
		};
/* End XCBuildConfiguration section */

/* Begin XCConfigurationList section */
		812E8D412AAE3DBE0043648D /* Build configuration list for PBXProject "Company Travel" */ = {
			isa = XCConfigurationList;
			buildConfigurations = (
				812E8D522AAE3DBF0043648D /* Debug */,
				812E8D532AAE3DBF0043648D /* Release */,
			);
			defaultConfigurationIsVisible = 0;
			defaultConfigurationName = Release;
		};
		812E8D542AAE3DBF0043648D /* Build configuration list for PBXNativeTarget "Company Travel" */ = {
			isa = XCConfigurationList;
			buildConfigurations = (
				812E8D552AAE3DBF0043648D /* Debug */,
				812E8D562AAE3DBF0043648D /* Release */,
			);
			defaultConfigurationIsVisible = 0;
			defaultConfigurationName = Release;
		};
		814B5EBA2ABC6D1A00242017 /* Build configuration list for PBXNativeTarget "Company Travel UITests" */ = {
			isa = XCConfigurationList;
			buildConfigurations = (
				814B5EBB2ABC6D1A00242017 /* Debug */,
				814B5EBC2ABC6D1A00242017 /* Release */,
			);
			defaultConfigurationIsVisible = 0;
			defaultConfigurationName = Release;
		};
/* End XCConfigurationList section */

/* Begin XCRemoteSwiftPackageReference section */
		81E5401E2AB8CC0E00660BF4 /* XCRemoteSwiftPackageReference "firebase-ios-sdk" */ = {
			isa = XCRemoteSwiftPackageReference;
			repositoryURL = "https://github.com/firebase/firebase-ios-sdk";
			requirement = {
				kind = upToNextMajorVersion;
				minimumVersion = 10.0.0;
			};
		};
/* End XCRemoteSwiftPackageReference section */

/* Begin XCSwiftPackageProductDependency section */
		814B5EBD2ABC6D4C00242017 /* FirebaseAuth */ = {
			isa = XCSwiftPackageProductDependency;
			package = 81E5401E2AB8CC0E00660BF4 /* XCRemoteSwiftPackageReference "firebase-ios-sdk" */;
			productName = FirebaseAuth;
		};
		814B5EBF2ABC6D4F00242017 /* FirebaseFirestore */ = {
			isa = XCSwiftPackageProductDependency;
			package = 81E5401E2AB8CC0E00660BF4 /* XCRemoteSwiftPackageReference "firebase-ios-sdk" */;
			productName = FirebaseFirestore;
		};
		814B5EC12ABC6D5300242017 /* FirebaseStorage */ = {
			isa = XCSwiftPackageProductDependency;
			package = 81E5401E2AB8CC0E00660BF4 /* XCRemoteSwiftPackageReference "firebase-ios-sdk" */;
			productName = FirebaseStorage;
		};
		81E5401F2AB8CC0E00660BF4 /* FirebaseAuth */ = {
			isa = XCSwiftPackageProductDependency;
			package = 81E5401E2AB8CC0E00660BF4 /* XCRemoteSwiftPackageReference "firebase-ios-sdk" */;
			productName = FirebaseAuth;
		};
		81E540212AB8CC0E00660BF4 /* FirebaseFirestore */ = {
			isa = XCSwiftPackageProductDependency;
			package = 81E5401E2AB8CC0E00660BF4 /* XCRemoteSwiftPackageReference "firebase-ios-sdk" */;
			productName = FirebaseFirestore;
		};
		81E540232AB8CC0E00660BF4 /* FirebaseStorage */ = {
			isa = XCSwiftPackageProductDependency;
			package = 81E5401E2AB8CC0E00660BF4 /* XCRemoteSwiftPackageReference "firebase-ios-sdk" */;
			productName = FirebaseStorage;
		};
/* End XCSwiftPackageProductDependency section */
	};
	rootObject = 812E8D3E2AAE3DBE0043648D /* Project object */;
}
